// !$*UTF8*$!
{
	archiveVersion = 1;
	classes = {
	};
	objectVersion = 48;
	objects = {

/* Begin PBXBuildFile section */
		E23F611B2042C0C60000BF52 /* AppDelegate.swift in Sources */ = {isa = PBXBuildFile; fileRef = E23F611A2042C0C60000BF52 /* AppDelegate.swift */; };
		E23F61222042C0C60000BF52 /* Assets.xcassets in Resources */ = {isa = PBXBuildFile; fileRef = E23F61212042C0C60000BF52 /* Assets.xcassets */; };
		E23F61252042C0C60000BF52 /* LaunchScreen.storyboard in Resources */ = {isa = PBXBuildFile; fileRef = E23F61232042C0C60000BF52 /* LaunchScreen.storyboard */; };
		E23F61302042C0C60000BF52 /* TandemForecastTests.swift in Sources */ = {isa = PBXBuildFile; fileRef = E23F612F2042C0C60000BF52 /* TandemForecastTests.swift */; };
		E23F613D2042C13B0000BF52 /* Forecast.swift in Sources */ = {isa = PBXBuildFile; fileRef = E23F613C2042C13B0000BF52 /* Forecast.swift */; };
		E23F613F2042C2180000BF52 /* ForecastData.swift in Sources */ = {isa = PBXBuildFile; fileRef = E23F613E2042C2180000BF52 /* ForecastData.swift */; };
		E23F61412042C35C0000BF52 /* MainInfo.swift in Sources */ = {isa = PBXBuildFile; fileRef = E23F61402042C35C0000BF52 /* MainInfo.swift */; };
		E23F61432042C5590000BF52 /* Weather.swift in Sources */ = {isa = PBXBuildFile; fileRef = E23F61422042C5590000BF52 /* Weather.swift */; };
		E23F61452042CB2A0000BF52 /* City.swift in Sources */ = {isa = PBXBuildFile; fileRef = E23F61442042CB2A0000BF52 /* City.swift */; };
		E23F614F2042D2E50000BF52 /* ForecastListViewController.swift in Sources */ = {isa = PBXBuildFile; fileRef = E23F614D2042D2E50000BF52 /* ForecastListViewController.swift */; };
		E23F61502042D2E50000BF52 /* ForecastListViewController.xib in Resources */ = {isa = PBXBuildFile; fileRef = E23F614E2042D2E50000BF52 /* ForecastListViewController.xib */; };
		E23F61542042D3D60000BF52 /* HourlyForecastCell.swift in Sources */ = {isa = PBXBuildFile; fileRef = E23F61522042D3D60000BF52 /* HourlyForecastCell.swift */; };
		E23F61552042D3D60000BF52 /* HourlyForecastCell.xib in Resources */ = {isa = PBXBuildFile; fileRef = E23F61532042D3D60000BF52 /* HourlyForecastCell.xib */; };
		E23F6158204321E40000BF52 /* DailyForecastCell.swift in Sources */ = {isa = PBXBuildFile; fileRef = E23F6156204321E40000BF52 /* DailyForecastCell.swift */; };
		E23F6159204321E40000BF52 /* DailyForecastCell.xib in Resources */ = {isa = PBXBuildFile; fileRef = E23F6157204321E40000BF52 /* DailyForecastCell.xib */; };
		E23F61622043249E0000BF52 /* ExternalView.swift in Sources */ = {isa = PBXBuildFile; fileRef = E23F61612043249E0000BF52 /* ExternalView.swift */; };
		E23F61672043342B0000BF52 /* DailyForecastViewModel.swift in Sources */ = {isa = PBXBuildFile; fileRef = E23F61662043342B0000BF52 /* DailyForecastViewModel.swift */; };
		E23F6169204334410000BF52 /* HourlyForecastViewModel.swift in Sources */ = {isa = PBXBuildFile; fileRef = E23F6168204334410000BF52 /* HourlyForecastViewModel.swift */; };
		E23F616B2043348B0000BF52 /* ForecastListViewModel.swift in Sources */ = {isa = PBXBuildFile; fileRef = E23F616A2043348B0000BF52 /* ForecastListViewModel.swift */; };
		E23F616F2043380E0000BF52 /* DateExtensions.swift in Sources */ = {isa = PBXBuildFile; fileRef = E23F616E2043380E0000BF52 /* DateExtensions.swift */; };
		E23F6171204349D60000BF52 /* DailyForecastDataSource.swift in Sources */ = {isa = PBXBuildFile; fileRef = E23F6170204349D60000BF52 /* DailyForecastDataSource.swift */; };
/* End PBXBuildFile section */

/* Begin PBXContainerItemProxy section */
		E23F612C2042C0C60000BF52 /* PBXContainerItemProxy */ = {
			isa = PBXContainerItemProxy;
			containerPortal = E23F610F2042C0C60000BF52 /* Project object */;
			proxyType = 1;
			remoteGlobalIDString = E23F61162042C0C60000BF52;
			remoteInfo = TandemForecast;
		};
/* End PBXContainerItemProxy section */

/* Begin PBXFileReference section */
		E23F61172042C0C60000BF52 /* TandemForecast.app */ = {isa = PBXFileReference; explicitFileType = wrapper.application; includeInIndex = 0; path = TandemForecast.app; sourceTree = BUILT_PRODUCTS_DIR; };
		E23F611A2042C0C60000BF52 /* AppDelegate.swift */ = {isa = PBXFileReference; lastKnownFileType = sourcecode.swift; path = AppDelegate.swift; sourceTree = "<group>"; };
		E23F61212042C0C60000BF52 /* Assets.xcassets */ = {isa = PBXFileReference; lastKnownFileType = folder.assetcatalog; path = Assets.xcassets; sourceTree = "<group>"; };
		E23F61242042C0C60000BF52 /* Base */ = {isa = PBXFileReference; lastKnownFileType = file.storyboard; name = Base; path = Base.lproj/LaunchScreen.storyboard; sourceTree = "<group>"; };
		E23F61262042C0C60000BF52 /* Info.plist */ = {isa = PBXFileReference; lastKnownFileType = text.plist.xml; path = Info.plist; sourceTree = "<group>"; };
		E23F612B2042C0C60000BF52 /* TandemForecastTests.xctest */ = {isa = PBXFileReference; explicitFileType = wrapper.cfbundle; includeInIndex = 0; path = TandemForecastTests.xctest; sourceTree = BUILT_PRODUCTS_DIR; };
		E23F612F2042C0C60000BF52 /* TandemForecastTests.swift */ = {isa = PBXFileReference; lastKnownFileType = sourcecode.swift; path = TandemForecastTests.swift; sourceTree = "<group>"; };
		E23F61312042C0C60000BF52 /* Info.plist */ = {isa = PBXFileReference; lastKnownFileType = text.plist.xml; path = Info.plist; sourceTree = "<group>"; };
		E23F613C2042C13B0000BF52 /* Forecast.swift */ = {isa = PBXFileReference; lastKnownFileType = sourcecode.swift; path = Forecast.swift; sourceTree = "<group>"; };
		E23F613E2042C2180000BF52 /* ForecastData.swift */ = {isa = PBXFileReference; lastKnownFileType = sourcecode.swift; path = ForecastData.swift; sourceTree = "<group>"; };
		E23F61402042C35C0000BF52 /* MainInfo.swift */ = {isa = PBXFileReference; lastKnownFileType = sourcecode.swift; path = MainInfo.swift; sourceTree = "<group>"; };
		E23F61422042C5590000BF52 /* Weather.swift */ = {isa = PBXFileReference; lastKnownFileType = sourcecode.swift; path = Weather.swift; sourceTree = "<group>"; };
		E23F61442042CB2A0000BF52 /* City.swift */ = {isa = PBXFileReference; lastKnownFileType = sourcecode.swift; path = City.swift; sourceTree = "<group>"; };
		E23F614D2042D2E50000BF52 /* ForecastListViewController.swift */ = {isa = PBXFileReference; lastKnownFileType = sourcecode.swift; path = ForecastListViewController.swift; sourceTree = "<group>"; };
		E23F614E2042D2E50000BF52 /* ForecastListViewController.xib */ = {isa = PBXFileReference; lastKnownFileType = file.xib; path = ForecastListViewController.xib; sourceTree = "<group>"; };
		E23F61522042D3D60000BF52 /* HourlyForecastCell.swift */ = {isa = PBXFileReference; lastKnownFileType = sourcecode.swift; path = HourlyForecastCell.swift; sourceTree = "<group>"; };
		E23F61532042D3D60000BF52 /* HourlyForecastCell.xib */ = {isa = PBXFileReference; lastKnownFileType = file.xib; path = HourlyForecastCell.xib; sourceTree = "<group>"; };
		E23F6156204321E40000BF52 /* DailyForecastCell.swift */ = {isa = PBXFileReference; lastKnownFileType = sourcecode.swift; path = DailyForecastCell.swift; sourceTree = "<group>"; };
		E23F6157204321E40000BF52 /* DailyForecastCell.xib */ = {isa = PBXFileReference; lastKnownFileType = file.xib; path = DailyForecastCell.xib; sourceTree = "<group>"; };
		E23F61612043249E0000BF52 /* ExternalView.swift */ = {isa = PBXFileReference; lastKnownFileType = sourcecode.swift; path = ExternalView.swift; sourceTree = "<group>"; };
		E23F61662043342B0000BF52 /* DailyForecastViewModel.swift */ = {isa = PBXFileReference; lastKnownFileType = sourcecode.swift; path = DailyForecastViewModel.swift; sourceTree = "<group>"; };
		E23F6168204334410000BF52 /* HourlyForecastViewModel.swift */ = {isa = PBXFileReference; lastKnownFileType = sourcecode.swift; path = HourlyForecastViewModel.swift; sourceTree = "<group>"; };
		E23F616A2043348B0000BF52 /* ForecastListViewModel.swift */ = {isa = PBXFileReference; lastKnownFileType = sourcecode.swift; path = ForecastListViewModel.swift; sourceTree = "<group>"; };
		E23F616E2043380E0000BF52 /* DateExtensions.swift */ = {isa = PBXFileReference; lastKnownFileType = sourcecode.swift; path = DateExtensions.swift; sourceTree = "<group>"; };
		E23F6170204349D60000BF52 /* DailyForecastDataSource.swift */ = {isa = PBXFileReference; lastKnownFileType = sourcecode.swift; path = DailyForecastDataSource.swift; sourceTree = "<group>"; };
/* End PBXFileReference section */

/* Begin PBXFrameworksBuildPhase section */
		E23F61142042C0C60000BF52 /* Frameworks */ = {
			isa = PBXFrameworksBuildPhase;
			buildActionMask = 2147483647;
			files = (
			);
			runOnlyForDeploymentPostprocessing = 0;
		};
		E23F61282042C0C60000BF52 /* Frameworks */ = {
			isa = PBXFrameworksBuildPhase;
			buildActionMask = 2147483647;
			files = (
			);
			runOnlyForDeploymentPostprocessing = 0;
		};
/* End PBXFrameworksBuildPhase section */

/* Begin PBXGroup section */
		E23F610E2042C0C60000BF52 = {
			isa = PBXGroup;
			children = (
				E23F61192042C0C60000BF52 /* TandemForecast */,
				E23F612E2042C0C60000BF52 /* TandemForecastTests */,
				E23F61182042C0C60000BF52 /* Products */,
			);
			sourceTree = "<group>";
		};
		E23F61182042C0C60000BF52 /* Products */ = {
			isa = PBXGroup;
			children = (
				E23F61172042C0C60000BF52 /* TandemForecast.app */,
				E23F612B2042C0C60000BF52 /* TandemForecastTests.xctest */,
			);
			name = Products;
			sourceTree = "<group>";
		};
		E23F61192042C0C60000BF52 /* TandemForecast */ = {
			isa = PBXGroup;
			children = (
				E23F611A2042C0C60000BF52 /* AppDelegate.swift */,
				E23F613A2042C10A0000BF52 /* Networking */,
				E23F61462042D1E40000BF52 /* UI */,
				E23F616C204337E60000BF52 /* Utils */,
				E23F615A204322150000BF52 /* Resources */,
			);
			path = TandemForecast;
			sourceTree = "<group>";
		};
		E23F612E2042C0C60000BF52 /* TandemForecastTests */ = {
			isa = PBXGroup;
			children = (
				E23F612F2042C0C60000BF52 /* TandemForecastTests.swift */,
				E23F61312042C0C60000BF52 /* Info.plist */,
			);
			path = TandemForecastTests;
			sourceTree = "<group>";
		};
		E23F613A2042C10A0000BF52 /* Networking */ = {
			isa = PBXGroup;
			children = (
				E23F613B2042C1190000BF52 /* Models */,
			);
			path = Networking;
			sourceTree = "<group>";
		};
		E23F613B2042C1190000BF52 /* Models */ = {
			isa = PBXGroup;
			children = (
				E23F613C2042C13B0000BF52 /* Forecast.swift */,
				E23F613E2042C2180000BF52 /* ForecastData.swift */,
				E23F61402042C35C0000BF52 /* MainInfo.swift */,
				E23F61422042C5590000BF52 /* Weather.swift */,
				E23F61442042CB2A0000BF52 /* City.swift */,
			);
			path = Models;
			sourceTree = "<group>";
		};
		E23F61462042D1E40000BF52 /* UI */ = {
			isa = PBXGroup;
			children = (
				E23F61602043248D0000BF52 /* Protocols */,
				E23F61472042D20F0000BF52 /* ForecastList */,
			);
			path = UI;
			sourceTree = "<group>";
		};
		E23F61472042D20F0000BF52 /* ForecastList */ = {
			isa = PBXGroup;
			children = (
				E23F6165204334120000BF52 /* ViewModels */,
				E23F61512042D3700000BF52 /* Cells */,
				E23F61482042D2370000BF52 /* ViewControllers */,
			);
			path = ForecastList;
			sourceTree = "<group>";
		};
		E23F61482042D2370000BF52 /* ViewControllers */ = {
			isa = PBXGroup;
			children = (
				E23F614D2042D2E50000BF52 /* ForecastListViewController.swift */,
				E23F614E2042D2E50000BF52 /* ForecastListViewController.xib */,
			);
			path = ViewControllers;
			sourceTree = "<group>";
		};
		E23F61512042D3700000BF52 /* Cells */ = {
			isa = PBXGroup;
			children = (
				E23F615C204323E00000BF52 /* DailyCell */,
				E23F615B204323CF0000BF52 /* HourlyCell */,
			);
			path = Cells;
			sourceTree = "<group>";
		};
		E23F615A204322150000BF52 /* Resources */ = {
			isa = PBXGroup;
			children = (
				E23F61262042C0C60000BF52 /* Info.plist */,
				E23F61212042C0C60000BF52 /* Assets.xcassets */,
				E23F61232042C0C60000BF52 /* LaunchScreen.storyboard */,
			);
			path = Resources;
			sourceTree = "<group>";
		};
		E23F615B204323CF0000BF52 /* HourlyCell */ = {
			isa = PBXGroup;
			children = (
				E23F61522042D3D60000BF52 /* HourlyForecastCell.swift */,
				E23F61532042D3D60000BF52 /* HourlyForecastCell.xib */,
			);
			path = HourlyCell;
			sourceTree = "<group>";
		};
		E23F615C204323E00000BF52 /* DailyCell */ = {
			isa = PBXGroup;
			children = (
				E23F6156204321E40000BF52 /* DailyForecastCell.swift */,
				E23F6157204321E40000BF52 /* DailyForecastCell.xib */,
			);
			path = DailyCell;
			sourceTree = "<group>";
		};
		E23F61602043248D0000BF52 /* Protocols */ = {
			isa = PBXGroup;
			children = (
				E23F61612043249E0000BF52 /* ExternalView.swift */,
			);
			path = Protocols;
			sourceTree = "<group>";
		};
		E23F6165204334120000BF52 /* ViewModels */ = {
			isa = PBXGroup;
			children = (
				E23F616A2043348B0000BF52 /* ForecastListViewModel.swift */,
				E23F61662043342B0000BF52 /* DailyForecastViewModel.swift */,
				E23F6170204349D60000BF52 /* DailyForecastDataSource.swift */,
				E23F6168204334410000BF52 /* HourlyForecastViewModel.swift */,
			);
			path = ViewModels;
			sourceTree = "<group>";
		};
		E23F616C204337E60000BF52 /* Utils */ = {
			isa = PBXGroup;
			children = (
				E23F616D204338020000BF52 /* Extensions */,
			);
			path = Utils;
			sourceTree = "<group>";
		};
		E23F616D204338020000BF52 /* Extensions */ = {
			isa = PBXGroup;
			children = (
				E23F616E2043380E0000BF52 /* DateExtensions.swift */,
			);
			path = Extensions;
			sourceTree = "<group>";
		};
/* End PBXGroup section */

/* Begin PBXNativeTarget section */
		E23F61162042C0C60000BF52 /* TandemForecast */ = {
			isa = PBXNativeTarget;
			buildConfigurationList = E23F61342042C0C60000BF52 /* Build configuration list for PBXNativeTarget "TandemForecast" */;
			buildPhases = (
				E23F61132042C0C60000BF52 /* Sources */,
				E23F61142042C0C60000BF52 /* Frameworks */,
				E23F61152042C0C60000BF52 /* Resources */,
			);
			buildRules = (
			);
			dependencies = (
			);
			name = TandemForecast;
			productName = TandemForecast;
			productReference = E23F61172042C0C60000BF52 /* TandemForecast.app */;
			productType = "com.apple.product-type.application";
		};
		E23F612A2042C0C60000BF52 /* TandemForecastTests */ = {
			isa = PBXNativeTarget;
			buildConfigurationList = E23F61372042C0C60000BF52 /* Build configuration list for PBXNativeTarget "TandemForecastTests" */;
			buildPhases = (
				E23F61272042C0C60000BF52 /* Sources */,
				E23F61282042C0C60000BF52 /* Frameworks */,
				E23F61292042C0C60000BF52 /* Resources */,
			);
			buildRules = (
			);
			dependencies = (
				E23F612D2042C0C60000BF52 /* PBXTargetDependency */,
			);
			name = TandemForecastTests;
			productName = TandemForecastTests;
			productReference = E23F612B2042C0C60000BF52 /* TandemForecastTests.xctest */;
			productType = "com.apple.product-type.bundle.unit-test";
		};
/* End PBXNativeTarget section */

/* Begin PBXProject section */
		E23F610F2042C0C60000BF52 /* Project object */ = {
			isa = PBXProject;
			attributes = {
				LastSwiftUpdateCheck = 0920;
				LastUpgradeCheck = 0920;
				ORGANIZATIONNAME = danieltmbr;
				TargetAttributes = {
					E23F61162042C0C60000BF52 = {
						CreatedOnToolsVersion = 9.2;
						ProvisioningStyle = Automatic;
					};
					E23F612A2042C0C60000BF52 = {
						CreatedOnToolsVersion = 9.2;
						ProvisioningStyle = Automatic;
						TestTargetID = E23F61162042C0C60000BF52;
					};
				};
			};
			buildConfigurationList = E23F61122042C0C60000BF52 /* Build configuration list for PBXProject "TandemForecast" */;
			compatibilityVersion = "Xcode 8.0";
			developmentRegion = en;
			hasScannedForEncodings = 0;
			knownRegions = (
				en,
				Base,
			);
			mainGroup = E23F610E2042C0C60000BF52;
			productRefGroup = E23F61182042C0C60000BF52 /* Products */;
			projectDirPath = "";
			projectRoot = "";
			targets = (
				E23F61162042C0C60000BF52 /* TandemForecast */,
				E23F612A2042C0C60000BF52 /* TandemForecastTests */,
			);
		};
/* End PBXProject section */

/* Begin PBXResourcesBuildPhase section */
		E23F61152042C0C60000BF52 /* Resources */ = {
			isa = PBXResourcesBuildPhase;
			buildActionMask = 2147483647;
			files = (
				E23F61252042C0C60000BF52 /* LaunchScreen.storyboard in Resources */,
				E23F61502042D2E50000BF52 /* ForecastListViewController.xib in Resources */,
				E23F61222042C0C60000BF52 /* Assets.xcassets in Resources */,
				E23F61552042D3D60000BF52 /* HourlyForecastCell.xib in Resources */,
				E23F6159204321E40000BF52 /* DailyForecastCell.xib in Resources */,
			);
			runOnlyForDeploymentPostprocessing = 0;
		};
		E23F61292042C0C60000BF52 /* Resources */ = {
			isa = PBXResourcesBuildPhase;
			buildActionMask = 2147483647;
			files = (
			);
			runOnlyForDeploymentPostprocessing = 0;
		};
/* End PBXResourcesBuildPhase section */

/* Begin PBXSourcesBuildPhase section */
		E23F61132042C0C60000BF52 /* Sources */ = {
			isa = PBXSourcesBuildPhase;
			buildActionMask = 2147483647;
			files = (
				E23F6158204321E40000BF52 /* DailyForecastCell.swift in Sources */,
				E23F61622043249E0000BF52 /* ExternalView.swift in Sources */,
				E23F6171204349D60000BF52 /* DailyForecastDataSource.swift in Sources */,
				E23F61672043342B0000BF52 /* DailyForecastViewModel.swift in Sources */,
				E23F61412042C35C0000BF52 /* MainInfo.swift in Sources */,
				E23F61542042D3D60000BF52 /* HourlyForecastCell.swift in Sources */,
				E23F614F2042D2E50000BF52 /* ForecastListViewController.swift in Sources */,
				E23F613D2042C13B0000BF52 /* Forecast.swift in Sources */,
				E23F616F2043380E0000BF52 /* DateExtensions.swift in Sources */,
				E23F613F2042C2180000BF52 /* ForecastData.swift in Sources */,
				E23F61432042C5590000BF52 /* Weather.swift in Sources */,
				E23F611B2042C0C60000BF52 /* AppDelegate.swift in Sources */,
				E23F6169204334410000BF52 /* HourlyForecastViewModel.swift in Sources */,
				E23F61452042CB2A0000BF52 /* City.swift in Sources */,
				E23F616B2043348B0000BF52 /* ForecastListViewModel.swift in Sources */,
			);
			runOnlyForDeploymentPostprocessing = 0;
		};
		E23F61272042C0C60000BF52 /* Sources */ = {
			isa = PBXSourcesBuildPhase;
			buildActionMask = 2147483647;
			files = (
				E23F61302042C0C60000BF52 /* TandemForecastTests.swift in Sources */,
			);
			runOnlyForDeploymentPostprocessing = 0;
		};
/* End PBXSourcesBuildPhase section */

/* Begin PBXTargetDependency section */
		E23F612D2042C0C60000BF52 /* PBXTargetDependency */ = {
			isa = PBXTargetDependency;
			target = E23F61162042C0C60000BF52 /* TandemForecast */;
			targetProxy = E23F612C2042C0C60000BF52 /* PBXContainerItemProxy */;
		};
/* End PBXTargetDependency section */

/* Begin PBXVariantGroup section */
		E23F61232042C0C60000BF52 /* LaunchScreen.storyboard */ = {
			isa = PBXVariantGroup;
			children = (
				E23F61242042C0C60000BF52 /* Base */,
			);
			name = LaunchScreen.storyboard;
			sourceTree = "<group>";
		};
/* End PBXVariantGroup section */

/* Begin XCBuildConfiguration section */
		E23F61322042C0C60000BF52 /* Debug */ = {
			isa = XCBuildConfiguration;
			buildSettings = {
				ALWAYS_SEARCH_USER_PATHS = NO;
				CLANG_ANALYZER_NONNULL = YES;
				CLANG_ANALYZER_NUMBER_OBJECT_CONVERSION = YES_AGGRESSIVE;
				CLANG_CXX_LANGUAGE_STANDARD = "gnu++14";
				CLANG_CXX_LIBRARY = "libc++";
				CLANG_ENABLE_MODULES = YES;
				CLANG_ENABLE_OBJC_ARC = YES;
				CLANG_WARN_BLOCK_CAPTURE_AUTORELEASING = YES;
				CLANG_WARN_BOOL_CONVERSION = YES;
				CLANG_WARN_COMMA = YES;
				CLANG_WARN_CONSTANT_CONVERSION = YES;
				CLANG_WARN_DIRECT_OBJC_ISA_USAGE = YES_ERROR;
				CLANG_WARN_DOCUMENTATION_COMMENTS = YES;
				CLANG_WARN_EMPTY_BODY = YES;
				CLANG_WARN_ENUM_CONVERSION = YES;
				CLANG_WARN_INFINITE_RECURSION = YES;
				CLANG_WARN_INT_CONVERSION = YES;
				CLANG_WARN_NON_LITERAL_NULL_CONVERSION = YES;
				CLANG_WARN_OBJC_LITERAL_CONVERSION = YES;
				CLANG_WARN_OBJC_ROOT_CLASS = YES_ERROR;
				CLANG_WARN_RANGE_LOOP_ANALYSIS = YES;
				CLANG_WARN_STRICT_PROTOTYPES = YES;
				CLANG_WARN_SUSPICIOUS_MOVE = YES;
				CLANG_WARN_UNGUARDED_AVAILABILITY = YES_AGGRESSIVE;
				CLANG_WARN_UNREACHABLE_CODE = YES;
				CLANG_WARN__DUPLICATE_METHOD_MATCH = YES;
				CODE_SIGN_IDENTITY = "iPhone Developer";
				COPY_PHASE_STRIP = NO;
				DEBUG_INFORMATION_FORMAT = dwarf;
				ENABLE_STRICT_OBJC_MSGSEND = YES;
				ENABLE_TESTABILITY = YES;
				GCC_C_LANGUAGE_STANDARD = gnu11;
				GCC_DYNAMIC_NO_PIC = NO;
				GCC_NO_COMMON_BLOCKS = YES;
				GCC_OPTIMIZATION_LEVEL = 0;
				GCC_PREPROCESSOR_DEFINITIONS = (
					"DEBUG=1",
					"$(inherited)",
				);
				GCC_WARN_64_TO_32_BIT_CONVERSION = YES;
				GCC_WARN_ABOUT_RETURN_TYPE = YES_ERROR;
				GCC_WARN_UNDECLARED_SELECTOR = YES;
				GCC_WARN_UNINITIALIZED_AUTOS = YES_AGGRESSIVE;
				GCC_WARN_UNUSED_FUNCTION = YES;
				GCC_WARN_UNUSED_VARIABLE = YES;
				IPHONEOS_DEPLOYMENT_TARGET = 11.2;
				MTL_ENABLE_DEBUG_INFO = YES;
				ONLY_ACTIVE_ARCH = YES;
				SDKROOT = iphoneos;
				SWIFT_ACTIVE_COMPILATION_CONDITIONS = DEBUG;
				SWIFT_OPTIMIZATION_LEVEL = "-Onone";
			};
			name = Debug;
		};
		E23F61332042C0C60000BF52 /* Release */ = {
			isa = XCBuildConfiguration;
			buildSettings = {
				ALWAYS_SEARCH_USER_PATHS = NO;
				CLANG_ANALYZER_NONNULL = YES;
				CLANG_ANALYZER_NUMBER_OBJECT_CONVERSION = YES_AGGRESSIVE;
				CLANG_CXX_LANGUAGE_STANDARD = "gnu++14";
				CLANG_CXX_LIBRARY = "libc++";
				CLANG_ENABLE_MODULES = YES;
				CLANG_ENABLE_OBJC_ARC = YES;
				CLANG_WARN_BLOCK_CAPTURE_AUTORELEASING = YES;
				CLANG_WARN_BOOL_CONVERSION = YES;
				CLANG_WARN_COMMA = YES;
				CLANG_WARN_CONSTANT_CONVERSION = YES;
				CLANG_WARN_DIRECT_OBJC_ISA_USAGE = YES_ERROR;
				CLANG_WARN_DOCUMENTATION_COMMENTS = YES;
				CLANG_WARN_EMPTY_BODY = YES;
				CLANG_WARN_ENUM_CONVERSION = YES;
				CLANG_WARN_INFINITE_RECURSION = YES;
				CLANG_WARN_INT_CONVERSION = YES;
				CLANG_WARN_NON_LITERAL_NULL_CONVERSION = YES;
				CLANG_WARN_OBJC_LITERAL_CONVERSION = YES;
				CLANG_WARN_OBJC_ROOT_CLASS = YES_ERROR;
				CLANG_WARN_RANGE_LOOP_ANALYSIS = YES;
				CLANG_WARN_STRICT_PROTOTYPES = YES;
				CLANG_WARN_SUSPICIOUS_MOVE = YES;
				CLANG_WARN_UNGUARDED_AVAILABILITY = YES_AGGRESSIVE;
				CLANG_WARN_UNREACHABLE_CODE = YES;
				CLANG_WARN__DUPLICATE_METHOD_MATCH = YES;
				CODE_SIGN_IDENTITY = "iPhone Developer";
				COPY_PHASE_STRIP = NO;
				DEBUG_INFORMATION_FORMAT = "dwarf-with-dsym";
				ENABLE_NS_ASSERTIONS = NO;
				ENABLE_STRICT_OBJC_MSGSEND = YES;
				GCC_C_LANGUAGE_STANDARD = gnu11;
				GCC_NO_COMMON_BLOCKS = YES;
				GCC_WARN_64_TO_32_BIT_CONVERSION = YES;
				GCC_WARN_ABOUT_RETURN_TYPE = YES_ERROR;
				GCC_WARN_UNDECLARED_SELECTOR = YES;
				GCC_WARN_UNINITIALIZED_AUTOS = YES_AGGRESSIVE;
				GCC_WARN_UNUSED_FUNCTION = YES;
				GCC_WARN_UNUSED_VARIABLE = YES;
				IPHONEOS_DEPLOYMENT_TARGET = 11.2;
				MTL_ENABLE_DEBUG_INFO = NO;
				SDKROOT = iphoneos;
				SWIFT_OPTIMIZATION_LEVEL = "-Owholemodule";
				VALIDATE_PRODUCT = YES;
			};
			name = Release;
		};
		E23F61352042C0C60000BF52 /* Debug */ = {
			isa = XCBuildConfiguration;
			buildSettings = {
				ASSETCATALOG_COMPILER_APPICON_NAME = AppIcon;
				CODE_SIGN_STYLE = Automatic;
				DEVELOPMENT_TEAM = F6W8CTW858;
				INFOPLIST_FILE = "$(SRCROOT)/TandemForecast/Resources/Info.plist";
				IPHONEOS_DEPLOYMENT_TARGET = 11.0;
				LD_RUNPATH_SEARCH_PATHS = "$(inherited) @executable_path/Frameworks";
				PRODUCT_BUNDLE_IDENTIFIER = hu.tmbr.TandemForecast;
				PRODUCT_NAME = "$(TARGET_NAME)";
				SWIFT_VERSION = 4.0;
				TARGETED_DEVICE_FAMILY = "1,2";
			};
			name = Debug;
		};
		E23F61362042C0C60000BF52 /* Release */ = {
			isa = XCBuildConfiguration;
			buildSettings = {
				ASSETCATALOG_COMPILER_APPICON_NAME = AppIcon;
				CODE_SIGN_STYLE = Automatic;
				DEVELOPMENT_TEAM = F6W8CTW858;
				INFOPLIST_FILE = "$(SRCROOT)/TandemForecast/Resources/Info.plist";
				IPHONEOS_DEPLOYMENT_TARGET = 11.0;
				LD_RUNPATH_SEARCH_PATHS = "$(inherited) @executable_path/Frameworks";
				PRODUCT_BUNDLE_IDENTIFIER = hu.tmbr.TandemForecast;
				PRODUCT_NAME = "$(TARGET_NAME)";
				SWIFT_VERSION = 4.0;
				TARGETED_DEVICE_FAMILY = "1,2";
			};
			name = Release;
		};
		E23F61382042C0C60000BF52 /* Debug */ = {
			isa = XCBuildConfiguration;
			buildSettings = {
				ALWAYS_EMBED_SWIFT_STANDARD_LIBRARIES = YES;
				BUNDLE_LOADER = "$(TEST_HOST)";
				CODE_SIGN_STYLE = Automatic;
				DEVELOPMENT_TEAM = F6W8CTW858;
				INFOPLIST_FILE = TandemForecastTests/Info.plist;
				LD_RUNPATH_SEARCH_PATHS = "$(inherited) @executable_path/Frameworks @loader_path/Frameworks";
				PRODUCT_BUNDLE_IDENTIFIER = hu.tmbr.TandemForecastTests;
				PRODUCT_NAME = "$(TARGET_NAME)";
				SWIFT_VERSION = 4.0;
				TARGETED_DEVICE_FAMILY = "1,2";
				TEST_HOST = "$(BUILT_PRODUCTS_DIR)/TandemForecast.app/TandemForecast";
			};
			name = Debug;
		};
		E23F61392042C0C60000BF52 /* Release */ = {
			isa = XCBuildConfiguration;
			buildSettings = {
				ALWAYS_EMBED_SWIFT_STANDARD_LIBRARIES = YES;
				BUNDLE_LOADER = "$(TEST_HOST)";
				CODE_SIGN_STYLE = Automatic;
				DEVELOPMENT_TEAM = F6W8CTW858;
				INFOPLIST_FILE = TandemForecastTests/Info.plist;
				LD_RUNPATH_SEARCH_PATHS = "$(inherited) @executable_path/Frameworks @loader_path/Frameworks";
				PRODUCT_BUNDLE_IDENTIFIER = hu.tmbr.TandemForecastTests;
				PRODUCT_NAME = "$(TARGET_NAME)";
				SWIFT_VERSION = 4.0;
				TARGETED_DEVICE_FAMILY = "1,2";
				TEST_HOST = "$(BUILT_PRODUCTS_DIR)/TandemForecast.app/TandemForecast";
			};
			name = Release;
		};
/* End XCBuildConfiguration section */

/* Begin XCConfigurationList section */
		E23F61122042C0C60000BF52 /* Build configuration list for PBXProject "TandemForecast" */ = {
			isa = XCConfigurationList;
			buildConfigurations = (
				E23F61322042C0C60000BF52 /* Debug */,
				E23F61332042C0C60000BF52 /* Release */,
			);
			defaultConfigurationIsVisible = 0;
			defaultConfigurationName = Release;
		};
		E23F61342042C0C60000BF52 /* Build configuration list for PBXNativeTarget "TandemForecast" */ = {
			isa = XCConfigurationList;
			buildConfigurations = (
				E23F61352042C0C60000BF52 /* Debug */,
				E23F61362042C0C60000BF52 /* Release */,
			);
			defaultConfigurationIsVisible = 0;
			defaultConfigurationName = Release;
		};
		E23F61372042C0C60000BF52 /* Build configuration list for PBXNativeTarget "TandemForecastTests" */ = {
			isa = XCConfigurationList;
			buildConfigurations = (
				E23F61382042C0C60000BF52 /* Debug */,
				E23F61392042C0C60000BF52 /* Release */,
			);
			defaultConfigurationIsVisible = 0;
			defaultConfigurationName = Release;
		};
/* End XCConfigurationList section */
	};
	rootObject = E23F610F2042C0C60000BF52 /* Project object */;
}
